
Microsoft Visual Studio Solution File, Format Version 12.00
# Visual Studio 15
VisualStudioVersion = 15.0.27520.0
MinimumVisualStudioVersion = 10.0.40219.1
Project("{FAE04EC0-301F-11D3-BF4B-00C04F79EFBC}") = "ProductsAPI", "ProductsAPI\ProductsAPI.csproj", "{E1D40AAC-35BC-4100-BEAD-6E23A689B611}"
EndProject
Project("{FAE04EC0-301F-11D3-BF4B-00C04F79EFBC}") = "ProductManage", "ProductManage\ProductManage.csproj", "{7B662B51-5F6C-433A-8191-2D339031EEC4}"
EndProject
Global
	GlobalSection(SolutionConfigurationPlatforms) = preSolution
		Debug|Any CPU = Debug|Any CPU
		Release|Any CPU = Release|Any CPU
	EndGlobalSection
	GlobalSection(ProjectConfigurationPlatforms) = postSolution
		{E1D40AAC-35BC-4100-BEAD-6E23A689B611}.Debug|Any CPU.ActiveCfg = Debug|Any CPU
		{E1D40AAC-35BC-4100-BEAD-6E23A689B611}.Debug|Any CPU.Build.0 = Debug|Any CPU
		{E1D40AAC-35BC-4100-BEAD-6E23A689B611}.Release|Any CPU.ActiveCfg = Release|Any CPU
		{E1D40AAC-35BC-4100-BEAD-6E23A689B611}.Release|Any CPU.Build.0 = Release|Any CPU
		{7B662B51-5F6C-433A-8191-2D339031EEC4}.Debug|Any CPU.ActiveCfg = Debug|Any CPU
		{7B662B51-5F6C-433A-8191-2D339031EEC4}.Debug|Any CPU.Build.0 = Debug|Any CPU
		{7B662B51-5F6C-433A-8191-2D339031EEC4}.Release|Any CPU.ActiveCfg = Release|Any CPU
		{7B662B51-5F6C-433A-8191-2D339031EEC4}.Release|Any CPU.Build.0 = Release|Any CPU
	EndGlobalSection
	GlobalSection(SolutionProperties) = preSolution
		HideSolutionNode = FALSE
	EndGlobalSection
	GlobalSection(ExtensibilityGlobals) = postSolution
		SolutionGuid = {1DC329B9-C591-4A18-8550-4F26611C29EB}
	EndGlobalSection
EndGlobal
